
Microsoft Visual Studio Solution File, Format Version 12.00
# Visual Studio Version 17
VisualStudioVersion = 17.12.35707.178 d17.12
MinimumVisualStudioVersion = 10.0.40219.1
Project("{FAE04EC0-301F-11D3-BF4B-00C04F79EFBC}") = "Student.Api", "Student.Api\Student.Api.csproj", "{1C1EB724-039F-4131-99E6-9EDF83A2AB7C}"
EndProject
Project("{2150E333-8FDC-42A3-9474-1A3956D46DE8}") = "src", "src", "{3A458F3B-3B49-44D7-822A-3435D09467FF}"
EndProject
Project("{2150E333-8FDC-42A3-9474-1A3956D46DE8}") = "Api", "Api", "{27128086-9812-44CA-B4E7-751DA58AEDD2}"
EndProject
Project("{2150E333-8FDC-42A3-9474-1A3956D46DE8}") = "Core", "Core", "{0C95A505-DD5E-4242-82FA-F0D02025FDEA}"
EndProject
Project("{2150E333-8FDC-42A3-9474-1A3956D46DE8}") = "Domain", "Domain", "{33738361-CD6D-4BCB-A3FF-6CD9EEFC6C09}"
EndProject
Project("{2150E333-8FDC-42A3-9474-1A3956D46DE8}") = "Application", "Application", "{5C831038-E041-4615-9D96-3E918A747090}"
EndProject
Project("{2150E333-8FDC-42A3-9474-1A3956D46DE8}") = "Infrastructure", "Infrastructure", "{DB6DB9A8-3013-4837-80F6-2226588D4418}"
EndProject
Project("{FAE04EC0-301F-11D3-BF4B-00C04F79EFBC}") = "Student.Infrastructure", "Student.Infrastructure\Student.Infrastructure.csproj", "{ABFCC029-F530-4076-8F78-61E5281F8B7A}"
EndProject
Project("{FAE04EC0-301F-11D3-BF4B-00C04F79EFBC}") = "Student.Domain", "Student.Domain\Student.Domain.csproj", "{70D39DA4-B1E6-4F0B-A5C0-1EF1F8DD2E7C}"
EndProject
Project("{FAE04EC0-301F-11D3-BF4B-00C04F79EFBC}") = "Student.Persistence", "Student.Persistence\Student.Persistence.csproj", "{A26298DC-FE95-460B-BDDB-C27F570F392A}"
EndProject
Project("{FAE04EC0-301F-11D3-BF4B-00C04F79EFBC}") = "Student.Application", "Student.Application\Student.Application.csproj", "{D8867447-0B5B-4B79-A9B2-0455D2DE436A}"
EndProject
Global
	GlobalSection(SolutionConfigurationPlatforms) = preSolution
		Debug|Any CPU = Debug|Any CPU
		Release|Any CPU = Release|Any CPU
	EndGlobalSection
	GlobalSection(ProjectConfigurationPlatforms) = postSolution
		{1C1EB724-039F-4131-99E6-9EDF83A2AB7C}.Debug|Any CPU.ActiveCfg = Debug|Any CPU
		{1C1EB724-039F-4131-99E6-9EDF83A2AB7C}.Debug|Any CPU.Build.0 = Debug|Any CPU
		{1C1EB724-039F-4131-99E6-9EDF83A2AB7C}.Release|Any CPU.ActiveCfg = Release|Any CPU
		{1C1EB724-039F-4131-99E6-9EDF83A2AB7C}.Release|Any CPU.Build.0 = Release|Any CPU
		{ABFCC029-F530-4076-8F78-61E5281F8B7A}.Debug|Any CPU.ActiveCfg = Debug|Any CPU
		{ABFCC029-F530-4076-8F78-61E5281F8B7A}.Debug|Any CPU.Build.0 = Debug|Any CPU
		{ABFCC029-F530-4076-8F78-61E5281F8B7A}.Release|Any CPU.ActiveCfg = Release|Any CPU
		{ABFCC029-F530-4076-8F78-61E5281F8B7A}.Release|Any CPU.Build.0 = Release|Any CPU
		{70D39DA4-B1E6-4F0B-A5C0-1EF1F8DD2E7C}.Debug|Any CPU.ActiveCfg = Debug|Any CPU
		{70D39DA4-B1E6-4F0B-A5C0-1EF1F8DD2E7C}.Debug|Any CPU.Build.0 = Debug|Any CPU
		{70D39DA4-B1E6-4F0B-A5C0-1EF1F8DD2E7C}.Release|Any CPU.ActiveCfg = Release|Any CPU
		{70D39DA4-B1E6-4F0B-A5C0-1EF1F8DD2E7C}.Release|Any CPU.Build.0 = Release|Any CPU
		{A26298DC-FE95-460B-BDDB-C27F570F392A}.Debug|Any CPU.ActiveCfg = Debug|Any CPU
		{A26298DC-FE95-460B-BDDB-C27F570F392A}.Debug|Any CPU.Build.0 = Debug|Any CPU
		{A26298DC-FE95-460B-BDDB-C27F570F392A}.Release|Any CPU.ActiveCfg = Release|Any CPU
		{A26298DC-FE95-460B-BDDB-C27F570F392A}.Release|Any CPU.Build.0 = Release|Any CPU
		{D8867447-0B5B-4B79-A9B2-0455D2DE436A}.Debug|Any CPU.ActiveCfg = Debug|Any CPU
		{D8867447-0B5B-4B79-A9B2-0455D2DE436A}.Debug|Any CPU.Build.0 = Debug|Any CPU
		{D8867447-0B5B-4B79-A9B2-0455D2DE436A}.Release|Any CPU.ActiveCfg = Release|Any CPU
		{D8867447-0B5B-4B79-A9B2-0455D2DE436A}.Release|Any CPU.Build.0 = Release|Any CPU
	EndGlobalSection
	GlobalSection(SolutionProperties) = preSolution
		HideSolutionNode = FALSE
	EndGlobalSection
	GlobalSection(NestedProjects) = preSolution
		{1C1EB724-039F-4131-99E6-9EDF83A2AB7C} = {27128086-9812-44CA-B4E7-751DA58AEDD2}
		{27128086-9812-44CA-B4E7-751DA58AEDD2} = {3A458F3B-3B49-44D7-822A-3435D09467FF}
		{0C95A505-DD5E-4242-82FA-F0D02025FDEA} = {3A458F3B-3B49-44D7-822A-3435D09467FF}
		{33738361-CD6D-4BCB-A3FF-6CD9EEFC6C09} = {0C95A505-DD5E-4242-82FA-F0D02025FDEA}
		{5C831038-E041-4615-9D96-3E918A747090} = {0C95A505-DD5E-4242-82FA-F0D02025FDEA}
		{DB6DB9A8-3013-4837-80F6-2226588D4418} = {3A458F3B-3B49-44D7-822A-3435D09467FF}
		{ABFCC029-F530-4076-8F78-61E5281F8B7A} = {DB6DB9A8-3013-4837-80F6-2226588D4418}
		{70D39DA4-B1E6-4F0B-A5C0-1EF1F8DD2E7C} = {33738361-CD6D-4BCB-A3FF-6CD9EEFC6C09}
		{A26298DC-FE95-460B-BDDB-C27F570F392A} = {DB6DB9A8-3013-4837-80F6-2226588D4418}
		{D8867447-0B5B-4B79-A9B2-0455D2DE436A} = {5C831038-E041-4615-9D96-3E918A747090}
	EndGlobalSection
EndGlobal
